// !$*UTF8*$!
{
	archiveVersion = 1;
	classes = {
	};
	objectVersion = 56;
	objects = {

/* Begin PBXBuildFile section */
		3D9D9CC52BEAB86F009E8232 /* GithubSearchSwiftUIApp.swift in Sources */ = {isa = PBXBuildFile; fileRef = 3D9D9CC42BEAB86F009E8232 /* GithubSearchSwiftUIApp.swift */; };
		3D9D9CC72BEAB86F009E8232 /* MainTabView.swift in Sources */ = {isa = PBXBuildFile; fileRef = 3D9D9CC62BEAB86F009E8232 /* MainTabView.swift */; };
		3D9D9CC92BEAB871009E8232 /* Assets.xcassets in Resources */ = {isa = PBXBuildFile; fileRef = 3D9D9CC82BEAB871009E8232 /* Assets.xcassets */; };
		3D9D9CCC2BEAB871009E8232 /* Preview Assets.xcassets in Resources */ = {isa = PBXBuildFile; fileRef = 3D9D9CCB2BEAB871009E8232 /* Preview Assets.xcassets */; };
		3D9D9CD82BEABA57009E8232 /* SearchGithubUserView.swift in Sources */ = {isa = PBXBuildFile; fileRef = 3D9D9CD72BEABA57009E8232 /* SearchGithubUserView.swift */; };
		3D9D9CDC2BEABB26009E8232 /* GithubUserProfileView.swift in Sources */ = {isa = PBXBuildFile; fileRef = 3D9D9CDB2BEABB26009E8232 /* GithubUserProfileView.swift */; };
		3D9D9CDF2BEABB49009E8232 /* FavoritesView.swift in Sources */ = {isa = PBXBuildFile; fileRef = 3D9D9CDE2BEABB49009E8232 /* FavoritesView.swift */; };
		3D9D9CE22BEABD6E009E8232 /* Follower.swift in Sources */ = {isa = PBXBuildFile; fileRef = 3D9D9CE12BEABD6E009E8232 /* Follower.swift */; };
		3D9D9CE42BEABE65009E8232 /* GithubUser.swift in Sources */ = {isa = PBXBuildFile; fileRef = 3D9D9CE32BEABE65009E8232 /* GithubUser.swift */; };
		3D9D9CE72BEAD097009E8232 /* NavigationButton.swift in Sources */ = {isa = PBXBuildFile; fileRef = 3D9D9CE62BEAD097009E8232 /* NavigationButton.swift */; };
		3D9D9CEA2BEAD23B009E8232 /* SearchView.swift in Sources */ = {isa = PBXBuildFile; fileRef = 3D9D9CE92BEAD23B009E8232 /* SearchView.swift */; };
		3D9D9CEC2BEADEBE009E8232 /* GithubUserProfileViewModel.swift in Sources */ = {isa = PBXBuildFile; fileRef = 3D9D9CEB2BEADEBE009E8232 /* GithubUserProfileViewModel.swift */; };
		3D9D9CEF2BEAE03B009E8232 /* GithubUserDetailView.swift in Sources */ = {isa = PBXBuildFile; fileRef = 3D9D9CEE2BEAE03B009E8232 /* GithubUserDetailView.swift */; };
		3D9D9CF22BEAE137009E8232 /* FollowerGridCellView.swift in Sources */ = {isa = PBXBuildFile; fileRef = 3D9D9CF12BEAE137009E8232 /* FollowerGridCellView.swift */; };
		3D9D9CF42BEAE295009E8232 /* NetworkManager.swift in Sources */ = {isa = PBXBuildFile; fileRef = 3D9D9CF32BEAE295009E8232 /* NetworkManager.swift */; };
		3D9D9CF62BEAEABF009E8232 /* AlertItem.swift in Sources */ = {isa = PBXBuildFile; fileRef = 3D9D9CF52BEAEABF009E8232 /* AlertItem.swift */; };
		3D9D9CFA2BEAFC22009E8232 /* LoadingView.swift in Sources */ = {isa = PBXBuildFile; fileRef = 3D9D9CF92BEAFC22009E8232 /* LoadingView.swift */; };
		3D9D9CFC2BEAFD9D009E8232 /* EmptyStateView.swift in Sources */ = {isa = PBXBuildFile; fileRef = 3D9D9CFB2BEAFD9D009E8232 /* EmptyStateView.swift */; };
		3D9D9CFE2BEB01B5009E8232 /* GithubUserDetailViewModel.swift in Sources */ = {isa = PBXBuildFile; fileRef = 3D9D9CFD2BEB01B5009E8232 /* GithubUserDetailViewModel.swift */; };
		3D9D9D012BEBC59C009E8232 /* UserDetailHeaderView.swift in Sources */ = {isa = PBXBuildFile; fileRef = 3D9D9D002BEBC59C009E8232 /* UserDetailHeaderView.swift */; };
		3D9D9D042BEBE678009E8232 /* ItemInfoView.swift in Sources */ = {isa = PBXBuildFile; fileRef = 3D9D9D032BEBE678009E8232 /* ItemInfoView.swift */; };
		3D9D9D062BEBE69F009E8232 /* ItemInfoViewModel.swift in Sources */ = {isa = PBXBuildFile; fileRef = 3D9D9D052BEBE69F009E8232 /* ItemInfoViewModel.swift */; };
		3D9D9D082BEBE95B009E8232 /* Date+Ext.swift in Sources */ = {isa = PBXBuildFile; fileRef = 3D9D9D072BEBE95B009E8232 /* Date+Ext.swift */; };
		3D9D9D0A2BEBF285009E8232 /* xDismissButton.swift in Sources */ = {isa = PBXBuildFile; fileRef = 3D9D9D092BEBF285009E8232 /* xDismissButton.swift */; };
		3D9D9D0D2BEBF519009E8232 /* UserDetailGroupInfoView.swift in Sources */ = {isa = PBXBuildFile; fileRef = 3D9D9D0C2BEBF519009E8232 /* UserDetailGroupInfoView.swift */; };
		3D9D9D0F2BEBF527009E8232 /* UserDetailGroupInfoViewModel.swift in Sources */ = {isa = PBXBuildFile; fileRef = 3D9D9D0E2BEBF527009E8232 /* UserDetailGroupInfoViewModel.swift */; };
		3D9D9D122BEC0CE3009E8232 /* FavoritesViewModel.swift in Sources */ = {isa = PBXBuildFile; fileRef = 3D9D9D112BEC0CE3009E8232 /* FavoritesViewModel.swift */; };
		3D9D9D152BEC1178009E8232 /* FavoriteListCellView.swift in Sources */ = {isa = PBXBuildFile; fileRef = 3D9D9D142BEC1178009E8232 /* FavoriteListCellView.swift */; };
		3D9D9D172BEC126D009E8232 /* PersistenceManager.swift in Sources */ = {isa = PBXBuildFile; fileRef = 3D9D9D162BEC126D009E8232 /* PersistenceManager.swift */; };
		3D9D9D192BEC197B009E8232 /* FavoriteButton.swift in Sources */ = {isa = PBXBuildFile; fileRef = 3D9D9D182BEC197B009E8232 /* FavoriteButton.swift */; };
/* End PBXBuildFile section */

/* Begin PBXFileReference section */
		3D9D9CC12BEAB86F009E8232 /* GithubSearchSwiftUI.app */ = {isa = PBXFileReference; explicitFileType = wrapper.application; includeInIndex = 0; path = GithubSearchSwiftUI.app; sourceTree = BUILT_PRODUCTS_DIR; };
		3D9D9CC42BEAB86F009E8232 /* GithubSearchSwiftUIApp.swift */ = {isa = PBXFileReference; lastKnownFileType = sourcecode.swift; path = GithubSearchSwiftUIApp.swift; sourceTree = "<group>"; };
		3D9D9CC62BEAB86F009E8232 /* MainTabView.swift */ = {isa = PBXFileReference; lastKnownFileType = sourcecode.swift; path = MainTabView.swift; sourceTree = "<group>"; };
		3D9D9CC82BEAB871009E8232 /* Assets.xcassets */ = {isa = PBXFileReference; lastKnownFileType = folder.assetcatalog; path = Assets.xcassets; sourceTree = "<group>"; };
		3D9D9CCB2BEAB871009E8232 /* Preview Assets.xcassets */ = {isa = PBXFileReference; lastKnownFileType = folder.assetcatalog; path = "Preview Assets.xcassets"; sourceTree = "<group>"; };
		3D9D9CD72BEABA57009E8232 /* SearchGithubUserView.swift */ = {isa = PBXFileReference; lastKnownFileType = sourcecode.swift; path = SearchGithubUserView.swift; sourceTree = "<group>"; };
		3D9D9CDB2BEABB26009E8232 /* GithubUserProfileView.swift */ = {isa = PBXFileReference; lastKnownFileType = sourcecode.swift; path = GithubUserProfileView.swift; sourceTree = "<group>"; };
		3D9D9CDE2BEABB49009E8232 /* FavoritesView.swift */ = {isa = PBXFileReference; lastKnownFileType = sourcecode.swift; path = FavoritesView.swift; sourceTree = "<group>"; };
		3D9D9CE12BEABD6E009E8232 /* Follower.swift */ = {isa = PBXFileReference; lastKnownFileType = sourcecode.swift; path = Follower.swift; sourceTree = "<group>"; };
		3D9D9CE32BEABE65009E8232 /* GithubUser.swift */ = {isa = PBXFileReference; lastKnownFileType = sourcecode.swift; path = GithubUser.swift; sourceTree = "<group>"; };
		3D9D9CE62BEAD097009E8232 /* NavigationButton.swift */ = {isa = PBXFileReference; lastKnownFileType = sourcecode.swift; path = NavigationButton.swift; sourceTree = "<group>"; };
		3D9D9CE92BEAD23B009E8232 /* SearchView.swift */ = {isa = PBXFileReference; lastKnownFileType = sourcecode.swift; path = SearchView.swift; sourceTree = "<group>"; };
		3D9D9CEB2BEADEBE009E8232 /* GithubUserProfileViewModel.swift */ = {isa = PBXFileReference; lastKnownFileType = sourcecode.swift; path = GithubUserProfileViewModel.swift; sourceTree = "<group>"; };
		3D9D9CEE2BEAE03B009E8232 /* GithubUserDetailView.swift */ = {isa = PBXFileReference; lastKnownFileType = sourcecode.swift; path = GithubUserDetailView.swift; sourceTree = "<group>"; };
		3D9D9CF12BEAE137009E8232 /* FollowerGridCellView.swift */ = {isa = PBXFileReference; lastKnownFileType = sourcecode.swift; path = FollowerGridCellView.swift; sourceTree = "<group>"; };
		3D9D9CF32BEAE295009E8232 /* NetworkManager.swift */ = {isa = PBXFileReference; lastKnownFileType = sourcecode.swift; path = NetworkManager.swift; sourceTree = "<group>"; };
		3D9D9CF52BEAEABF009E8232 /* AlertItem.swift */ = {isa = PBXFileReference; lastKnownFileType = sourcecode.swift; path = AlertItem.swift; sourceTree = "<group>"; };
		3D9D9CF92BEAFC22009E8232 /* LoadingView.swift */ = {isa = PBXFileReference; lastKnownFileType = sourcecode.swift; path = LoadingView.swift; sourceTree = "<group>"; };
		3D9D9CFB2BEAFD9D009E8232 /* EmptyStateView.swift */ = {isa = PBXFileReference; lastKnownFileType = sourcecode.swift; path = EmptyStateView.swift; sourceTree = "<group>"; };
		3D9D9CFD2BEB01B5009E8232 /* GithubUserDetailViewModel.swift */ = {isa = PBXFileReference; lastKnownFileType = sourcecode.swift; path = GithubUserDetailViewModel.swift; sourceTree = "<group>"; };
		3D9D9D002BEBC59C009E8232 /* UserDetailHeaderView.swift */ = {isa = PBXFileReference; lastKnownFileType = sourcecode.swift; path = UserDetailHeaderView.swift; sourceTree = "<group>"; };
		3D9D9D032BEBE678009E8232 /* ItemInfoView.swift */ = {isa = PBXFileReference; lastKnownFileType = sourcecode.swift; path = ItemInfoView.swift; sourceTree = "<group>"; };
		3D9D9D052BEBE69F009E8232 /* ItemInfoViewModel.swift */ = {isa = PBXFileReference; lastKnownFileType = sourcecode.swift; path = ItemInfoViewModel.swift; sourceTree = "<group>"; };
		3D9D9D072BEBE95B009E8232 /* Date+Ext.swift */ = {isa = PBXFileReference; lastKnownFileType = sourcecode.swift; path = "Date+Ext.swift"; sourceTree = "<group>"; };
		3D9D9D092BEBF285009E8232 /* xDismissButton.swift */ = {isa = PBXFileReference; lastKnownFileType = sourcecode.swift; path = xDismissButton.swift; sourceTree = "<group>"; };
		3D9D9D0C2BEBF519009E8232 /* UserDetailGroupInfoView.swift */ = {isa = PBXFileReference; lastKnownFileType = sourcecode.swift; path = UserDetailGroupInfoView.swift; sourceTree = "<group>"; };
		3D9D9D0E2BEBF527009E8232 /* UserDetailGroupInfoViewModel.swift */ = {isa = PBXFileReference; lastKnownFileType = sourcecode.swift; path = UserDetailGroupInfoViewModel.swift; sourceTree = "<group>"; };
		3D9D9D112BEC0CE3009E8232 /* FavoritesViewModel.swift */ = {isa = PBXFileReference; lastKnownFileType = sourcecode.swift; path = FavoritesViewModel.swift; sourceTree = "<group>"; };
		3D9D9D142BEC1178009E8232 /* FavoriteListCellView.swift */ = {isa = PBXFileReference; lastKnownFileType = sourcecode.swift; path = FavoriteListCellView.swift; sourceTree = "<group>"; };
		3D9D9D162BEC126D009E8232 /* PersistenceManager.swift */ = {isa = PBXFileReference; lastKnownFileType = sourcecode.swift; path = PersistenceManager.swift; sourceTree = "<group>"; };
		3D9D9D182BEC197B009E8232 /* FavoriteButton.swift */ = {isa = PBXFileReference; lastKnownFileType = sourcecode.swift; path = FavoriteButton.swift; sourceTree = "<group>"; };
/* End PBXFileReference section */

/* Begin PBXFrameworksBuildPhase section */
		3D9D9CBE2BEAB86F009E8232 /* Frameworks */ = {
			isa = PBXFrameworksBuildPhase;
			buildActionMask = 2147483647;
			files = (
			);
			runOnlyForDeploymentPostprocessing = 0;
		};
/* End PBXFrameworksBuildPhase section */

/* Begin PBXGroup section */
		3D9D9CB82BEAB86F009E8232 = {
			isa = PBXGroup;
			children = (
				3D9D9CC32BEAB86F009E8232 /* GithubSearchSwiftUI */,
				3D9D9CC22BEAB86F009E8232 /* Products */,
			);
			sourceTree = "<group>";
		};
		3D9D9CC22BEAB86F009E8232 /* Products */ = {
			isa = PBXGroup;
			children = (
				3D9D9CC12BEAB86F009E8232 /* GithubSearchSwiftUI.app */,
			);
			name = Products;
			sourceTree = "<group>";
		};
		3D9D9CC32BEAB86F009E8232 /* GithubSearchSwiftUI */ = {
			isa = PBXGroup;
			children = (
				3D9D9CDA2BEABA69009E8232 /* Models */,
				3D9D9CD42BEAB991009E8232 /* Utilities */,
				3D9D9CD32BEAB98A009E8232 /* Components */,
				3D9D9CD22BEAB978009E8232 /* Screens */,
				3D9D9CC42BEAB86F009E8232 /* GithubSearchSwiftUIApp.swift */,
				3D9D9CC82BEAB871009E8232 /* Assets.xcassets */,
				3D9D9CCA2BEAB871009E8232 /* Preview Content */,
			);
			path = GithubSearchSwiftUI;
			sourceTree = "<group>";
		};
		3D9D9CCA2BEAB871009E8232 /* Preview Content */ = {
			isa = PBXGroup;
			children = (
				3D9D9CCB2BEAB871009E8232 /* Preview Assets.xcassets */,
			);
			path = "Preview Content";
			sourceTree = "<group>";
		};
		3D9D9CD22BEAB978009E8232 /* Screens */ = {
			isa = PBXGroup;
			children = (
				3D9D9CED2BEAE027009E8232 /* GithubUserDetail */,
				3D9D9CE02BEABB50009E8232 /* Favorites */,
				3D9D9CDD2BEABB2D009E8232 /* GithubUserProfile */,
				3D9D9CD92BEABA5E009E8232 /* SearchGithubUser */,
				3D9D9CC62BEAB86F009E8232 /* MainTabView.swift */,
			);
			path = Screens;
			sourceTree = "<group>";
		};
		3D9D9CD32BEAB98A009E8232 /* Components */ = {
			isa = PBXGroup;
			children = (
				3D9D9D132BEC1157009E8232 /* FavoriteListCell */,
				3D9D9D0B2BEBF4EE009E8232 /* UserDetailGroupInfo */,
				3D9D9D022BEBE5D0009E8232 /* ItemInfo */,
				3D9D9CFF2BEBC58B009E8232 /* UserDetailHeader */,
				3D9D9CF82BEAFC0C009E8232 /* EmptyState */,
				3D9D9CF72BEAFBFC009E8232 /* Loading */,
				3D9D9CF02BEAE10F009E8232 /* FollowerGridCell */,
				3D9D9CE82BEAD21A009E8232 /* SearchView */,
				3D9D9CE52BEAD07C009E8232 /* Buttons */,
			);
			path = Components;
			sourceTree = "<group>";
		};
		3D9D9CD42BEAB991009E8232 /* Utilities */ = {
			isa = PBXGroup;
			children = (
				3D9D9CD62BEAB9AE009E8232 /* Extensions */,
				3D9D9CD52BEAB9A3009E8232 /* Managers */,
				3D9D9CF52BEAEABF009E8232 /* AlertItem.swift */,
			);
			path = Utilities;
			sourceTree = "<group>";
		};
		3D9D9CD52BEAB9A3009E8232 /* Managers */ = {
			isa = PBXGroup;
			children = (
				3D9D9CF32BEAE295009E8232 /* NetworkManager.swift */,
				3D9D9D162BEC126D009E8232 /* PersistenceManager.swift */,
			);
			path = Managers;
			sourceTree = "<group>";
		};
		3D9D9CD62BEAB9AE009E8232 /* Extensions */ = {
			isa = PBXGroup;
			children = (
				3D9D9D072BEBE95B009E8232 /* Date+Ext.swift */,
			);
			path = Extensions;
			sourceTree = "<group>";
		};
		3D9D9CD92BEABA5E009E8232 /* SearchGithubUser */ = {
			isa = PBXGroup;
			children = (
				3D9D9CD72BEABA57009E8232 /* SearchGithubUserView.swift */,
			);
			path = SearchGithubUser;
			sourceTree = "<group>";
		};
		3D9D9CDA2BEABA69009E8232 /* Models */ = {
			isa = PBXGroup;
			children = (
				3D9D9CE12BEABD6E009E8232 /* Follower.swift */,
				3D9D9CE32BEABE65009E8232 /* GithubUser.swift */,
			);
			path = Models;
			sourceTree = "<group>";
		};
		3D9D9CDD2BEABB2D009E8232 /* GithubUserProfile */ = {
			isa = PBXGroup;
			children = (
				3D9D9CEB2BEADEBE009E8232 /* GithubUserProfileViewModel.swift */,
				3D9D9CDB2BEABB26009E8232 /* GithubUserProfileView.swift */,
			);
			path = GithubUserProfile;
			sourceTree = "<group>";
		};
		3D9D9CE02BEABB50009E8232 /* Favorites */ = {
			isa = PBXGroup;
			children = (
				3D9D9D112BEC0CE3009E8232 /* FavoritesViewModel.swift */,
				3D9D9CDE2BEABB49009E8232 /* FavoritesView.swift */,
			);
			path = Favorites;
			sourceTree = "<group>";
		};
		3D9D9CE52BEAD07C009E8232 /* Buttons */ = {
			isa = PBXGroup;
			children = (
				3D9D9CE62BEAD097009E8232 /* NavigationButton.swift */,
				3D9D9D092BEBF285009E8232 /* xDismissButton.swift */,
				3D9D9D182BEC197B009E8232 /* FavoriteButton.swift */,
			);
			path = Buttons;
			sourceTree = "<group>";
		};
		3D9D9CE82BEAD21A009E8232 /* SearchView */ = {
			isa = PBXGroup;
			children = (
				3D9D9CE92BEAD23B009E8232 /* SearchView.swift */,
			);
			path = SearchView;
			sourceTree = "<group>";
		};
		3D9D9CED2BEAE027009E8232 /* GithubUserDetail */ = {
			isa = PBXGroup;
			children = (
				3D9D9CFD2BEB01B5009E8232 /* GithubUserDetailViewModel.swift */,
				3D9D9CEE2BEAE03B009E8232 /* GithubUserDetailView.swift */,
			);
			path = GithubUserDetail;
			sourceTree = "<group>";
		};
		3D9D9CF02BEAE10F009E8232 /* FollowerGridCell */ = {
			isa = PBXGroup;
			children = (
				3D9D9CF12BEAE137009E8232 /* FollowerGridCellView.swift */,
			);
			path = FollowerGridCell;
			sourceTree = "<group>";
		};
		3D9D9CF72BEAFBFC009E8232 /* Loading */ = {
			isa = PBXGroup;
			children = (
				3D9D9CF92BEAFC22009E8232 /* LoadingView.swift */,
			);
			path = Loading;
			sourceTree = "<group>";
		};
		3D9D9CF82BEAFC0C009E8232 /* EmptyState */ = {
			isa = PBXGroup;
			children = (
				3D9D9CFB2BEAFD9D009E8232 /* EmptyStateView.swift */,
			);
			path = EmptyState;
			sourceTree = "<group>";
		};
		3D9D9CFF2BEBC58B009E8232 /* UserDetailHeader */ = {
			isa = PBXGroup;
			children = (
				3D9D9D002BEBC59C009E8232 /* UserDetailHeaderView.swift */,
			);
			path = UserDetailHeader;
			sourceTree = "<group>";
		};
		3D9D9D022BEBE5D0009E8232 /* ItemInfo */ = {
			isa = PBXGroup;
			children = (
				3D9D9D032BEBE678009E8232 /* ItemInfoView.swift */,
				3D9D9D052BEBE69F009E8232 /* ItemInfoViewModel.swift */,
			);
			path = ItemInfo;
			sourceTree = "<group>";
		};
		3D9D9D0B2BEBF4EE009E8232 /* UserDetailGroupInfo */ = {
			isa = PBXGroup;
			children = (
				3D9D9D0E2BEBF527009E8232 /* UserDetailGroupInfoViewModel.swift */,
				3D9D9D0C2BEBF519009E8232 /* UserDetailGroupInfoView.swift */,
			);
			path = UserDetailGroupInfo;
			sourceTree = "<group>";
		};
		3D9D9D132BEC1157009E8232 /* FavoriteListCell */ = {
			isa = PBXGroup;
			children = (
				3D9D9D142BEC1178009E8232 /* FavoriteListCellView.swift */,
			);
			path = FavoriteListCell;
			sourceTree = "<group>";
		};
/* End PBXGroup section */

/* Begin PBXNativeTarget section */
		3D9D9CC02BEAB86F009E8232 /* GithubSearchSwiftUI */ = {
			isa = PBXNativeTarget;
			buildConfigurationList = 3D9D9CCF2BEAB871009E8232 /* Build configuration list for PBXNativeTarget "GithubSearchSwiftUI" */;
			buildPhases = (
				3D9D9CBD2BEAB86F009E8232 /* Sources */,
				3D9D9CBE2BEAB86F009E8232 /* Frameworks */,
				3D9D9CBF2BEAB86F009E8232 /* Resources */,
			);
			buildRules = (
			);
			dependencies = (
			);
			name = GithubSearchSwiftUI;
			productName = GithubSearchSwiftUI;
			productReference = 3D9D9CC12BEAB86F009E8232 /* GithubSearchSwiftUI.app */;
			productType = "com.apple.product-type.application";
		};
/* End PBXNativeTarget section */

/* Begin PBXProject section */
		3D9D9CB92BEAB86F009E8232 /* Project object */ = {
			isa = PBXProject;
			attributes = {
				BuildIndependentTargetsInParallel = 1;
				LastSwiftUpdateCheck = 1500;
				LastUpgradeCheck = 1500;
				TargetAttributes = {
					3D9D9CC02BEAB86F009E8232 = {
						CreatedOnToolsVersion = 15.0;
					};
				};
			};
			buildConfigurationList = 3D9D9CBC2BEAB86F009E8232 /* Build configuration list for PBXProject "GithubSearchSwiftUI" */;
			compatibilityVersion = "Xcode 14.0";
			developmentRegion = en;
			hasScannedForEncodings = 0;
			knownRegions = (
				en,
				Base,
			);
			mainGroup = 3D9D9CB82BEAB86F009E8232;
			productRefGroup = 3D9D9CC22BEAB86F009E8232 /* Products */;
			projectDirPath = "";
			projectRoot = "";
			targets = (
				3D9D9CC02BEAB86F009E8232 /* GithubSearchSwiftUI */,
			);
		};
/* End PBXProject section */

/* Begin PBXResourcesBuildPhase section */
		3D9D9CBF2BEAB86F009E8232 /* Resources */ = {
			isa = PBXResourcesBuildPhase;
			buildActionMask = 2147483647;
			files = (
				3D9D9CCC2BEAB871009E8232 /* Preview Assets.xcassets in Resources */,
				3D9D9CC92BEAB871009E8232 /* Assets.xcassets in Resources */,
			);
			runOnlyForDeploymentPostprocessing = 0;
		};
/* End PBXResourcesBuildPhase section */

/* Begin PBXSourcesBuildPhase section */
		3D9D9CBD2BEAB86F009E8232 /* Sources */ = {
			isa = PBXSourcesBuildPhase;
			buildActionMask = 2147483647;
			files = (
				3D9D9CDF2BEABB49009E8232 /* FavoritesView.swift in Sources */,
				3D9D9CEA2BEAD23B009E8232 /* SearchView.swift in Sources */,
				3D9D9CE22BEABD6E009E8232 /* Follower.swift in Sources */,
				3D9D9D042BEBE678009E8232 /* ItemInfoView.swift in Sources */,
				3D9D9D0F2BEBF527009E8232 /* UserDetailGroupInfoViewModel.swift in Sources */,
				3D9D9D122BEC0CE3009E8232 /* FavoritesViewModel.swift in Sources */,
				3D9D9CF42BEAE295009E8232 /* NetworkManager.swift in Sources */,
				3D9D9D062BEBE69F009E8232 /* ItemInfoViewModel.swift in Sources */,
				3D9D9CDC2BEABB26009E8232 /* GithubUserProfileView.swift in Sources */,
				3D9D9CFE2BEB01B5009E8232 /* GithubUserDetailViewModel.swift in Sources */,
				3D9D9CC72BEAB86F009E8232 /* MainTabView.swift in Sources */,
				3D9D9D192BEC197B009E8232 /* FavoriteButton.swift in Sources */,
				3D9D9D0A2BEBF285009E8232 /* xDismissButton.swift in Sources */,
				3D9D9CE42BEABE65009E8232 /* GithubUser.swift in Sources */,
				3D9D9CF62BEAEABF009E8232 /* AlertItem.swift in Sources */,
				3D9D9CFA2BEAFC22009E8232 /* LoadingView.swift in Sources */,
				3D9D9D172BEC126D009E8232 /* PersistenceManager.swift in Sources */,
				3D9D9D082BEBE95B009E8232 /* Date+Ext.swift in Sources */,
				3D9D9CF22BEAE137009E8232 /* FollowerGridCellView.swift in Sources */,
				3D9D9CFC2BEAFD9D009E8232 /* EmptyStateView.swift in Sources */,
				3D9D9CEC2BEADEBE009E8232 /* GithubUserProfileViewModel.swift in Sources */,
				3D9D9CD82BEABA57009E8232 /* SearchGithubUserView.swift in Sources */,
				3D9D9CC52BEAB86F009E8232 /* GithubSearchSwiftUIApp.swift in Sources */,
				3D9D9D012BEBC59C009E8232 /* UserDetailHeaderView.swift in Sources */,
				3D9D9CE72BEAD097009E8232 /* NavigationButton.swift in Sources */,
				3D9D9CEF2BEAE03B009E8232 /* GithubUserDetailView.swift in Sources */,
				3D9D9D0D2BEBF519009E8232 /* UserDetailGroupInfoView.swift in Sources */,
				3D9D9D152BEC1178009E8232 /* FavoriteListCellView.swift in Sources */,
			);
			runOnlyForDeploymentPostprocessing = 0;
		};
/* End PBXSourcesBuildPhase section */

/* Begin XCBuildConfiguration section */
		3D9D9CCD2BEAB871009E8232 /* Debug */ = {
			isa = XCBuildConfiguration;
			buildSettings = {
				ALWAYS_SEARCH_USER_PATHS = NO;
				ASSETCATALOG_COMPILER_GENERATE_SWIFT_ASSET_SYMBOL_EXTENSIONS = YES;
				CLANG_ANALYZER_NONNULL = YES;
				CLANG_ANALYZER_NUMBER_OBJECT_CONVERSION = YES_AGGRESSIVE;
				CLANG_CXX_LANGUAGE_STANDARD = "gnu++20";
				CLANG_ENABLE_MODULES = YES;
				CLANG_ENABLE_OBJC_ARC = YES;
				CLANG_ENABLE_OBJC_WEAK = YES;
				CLANG_WARN_BLOCK_CAPTURE_AUTORELEASING = YES;
				CLANG_WARN_BOOL_CONVERSION = YES;
				CLANG_WARN_COMMA = YES;
				CLANG_WARN_CONSTANT_CONVERSION = YES;
				CLANG_WARN_DEPRECATED_OBJC_IMPLEMENTATIONS = YES;
				CLANG_WARN_DIRECT_OBJC_ISA_USAGE = YES_ERROR;
				CLANG_WARN_DOCUMENTATION_COMMENTS = YES;
				CLANG_WARN_EMPTY_BODY = YES;
				CLANG_WARN_ENUM_CONVERSION = YES;
				CLANG_WARN_INFINITE_RECURSION = YES;
				CLANG_WARN_INT_CONVERSION = YES;
				CLANG_WARN_NON_LITERAL_NULL_CONVERSION = YES;
				CLANG_WARN_OBJC_IMPLICIT_RETAIN_SELF = YES;
				CLANG_WARN_OBJC_LITERAL_CONVERSION = YES;
				CLANG_WARN_OBJC_ROOT_CLASS = YES_ERROR;
				CLANG_WARN_QUOTED_INCLUDE_IN_FRAMEWORK_HEADER = YES;
				CLANG_WARN_RANGE_LOOP_ANALYSIS = YES;
				CLANG_WARN_STRICT_PROTOTYPES = YES;
				CLANG_WARN_SUSPICIOUS_MOVE = YES;
				CLANG_WARN_UNGUARDED_AVAILABILITY = YES_AGGRESSIVE;
				CLANG_WARN_UNREACHABLE_CODE = YES;
				CLANG_WARN__DUPLICATE_METHOD_MATCH = YES;
				COPY_PHASE_STRIP = NO;
				DEBUG_INFORMATION_FORMAT = dwarf;
				ENABLE_STRICT_OBJC_MSGSEND = YES;
				ENABLE_TESTABILITY = YES;
				ENABLE_USER_SCRIPT_SANDBOXING = YES;
				GCC_C_LANGUAGE_STANDARD = gnu17;
				GCC_DYNAMIC_NO_PIC = NO;
				GCC_NO_COMMON_BLOCKS = YES;
				GCC_OPTIMIZATION_LEVEL = 0;
				GCC_PREPROCESSOR_DEFINITIONS = (
					"DEBUG=1",
					"$(inherited)",
				);
				GCC_WARN_64_TO_32_BIT_CONVERSION = YES;
				GCC_WARN_ABOUT_RETURN_TYPE = YES_ERROR;
				GCC_WARN_UNDECLARED_SELECTOR = YES;
				GCC_WARN_UNINITIALIZED_AUTOS = YES_AGGRESSIVE;
				GCC_WARN_UNUSED_FUNCTION = YES;
				GCC_WARN_UNUSED_VARIABLE = YES;
				IPHONEOS_DEPLOYMENT_TARGET = 17.0;
				LOCALIZATION_PREFERS_STRING_CATALOGS = YES;
				MTL_ENABLE_DEBUG_INFO = INCLUDE_SOURCE;
				MTL_FAST_MATH = YES;
				ONLY_ACTIVE_ARCH = YES;
				SDKROOT = iphoneos;
				SWIFT_ACTIVE_COMPILATION_CONDITIONS = "DEBUG $(inherited)";
				SWIFT_OPTIMIZATION_LEVEL = "-Onone";
			};
			name = Debug;
		};
		3D9D9CCE2BEAB871009E8232 /* Release */ = {
			isa = XCBuildConfiguration;
			buildSettings = {
				ALWAYS_SEARCH_USER_PATHS = NO;
				ASSETCATALOG_COMPILER_GENERATE_SWIFT_ASSET_SYMBOL_EXTENSIONS = YES;
				CLANG_ANALYZER_NONNULL = YES;
				CLANG_ANALYZER_NUMBER_OBJECT_CONVERSION = YES_AGGRESSIVE;
				CLANG_CXX_LANGUAGE_STANDARD = "gnu++20";
				CLANG_ENABLE_MODULES = YES;
				CLANG_ENABLE_OBJC_ARC = YES;
				CLANG_ENABLE_OBJC_WEAK = YES;
				CLANG_WARN_BLOCK_CAPTURE_AUTORELEASING = YES;
				CLANG_WARN_BOOL_CONVERSION = YES;
				CLANG_WARN_COMMA = YES;
				CLANG_WARN_CONSTANT_CONVERSION = YES;
				CLANG_WARN_DEPRECATED_OBJC_IMPLEMENTATIONS = YES;
				CLANG_WARN_DIRECT_OBJC_ISA_USAGE = YES_ERROR;
				CLANG_WARN_DOCUMENTATION_COMMENTS = YES;
				CLANG_WARN_EMPTY_BODY = YES;
				CLANG_WARN_ENUM_CONVERSION = YES;
				CLANG_WARN_INFINITE_RECURSION = YES;
				CLANG_WARN_INT_CONVERSION = YES;
				CLANG_WARN_NON_LITERAL_NULL_CONVERSION = YES;
				CLANG_WARN_OBJC_IMPLICIT_RETAIN_SELF = YES;
				CLANG_WARN_OBJC_LITERAL_CONVERSION = YES;
				CLANG_WARN_OBJC_ROOT_CLASS = YES_ERROR;
				CLANG_WARN_QUOTED_INCLUDE_IN_FRAMEWORK_HEADER = YES;
				CLANG_WARN_RANGE_LOOP_ANALYSIS = YES;
				CLANG_WARN_STRICT_PROTOTYPES = YES;
				CLANG_WARN_SUSPICIOUS_MOVE = YES;
				CLANG_WARN_UNGUARDED_AVAILABILITY = YES_AGGRESSIVE;
				CLANG_WARN_UNREACHABLE_CODE = YES;
				CLANG_WARN__DUPLICATE_METHOD_MATCH = YES;
				COPY_PHASE_STRIP = NO;
				DEBUG_INFORMATION_FORMAT = "dwarf-with-dsym";
				ENABLE_NS_ASSERTIONS = NO;
				ENABLE_STRICT_OBJC_MSGSEND = YES;
				ENABLE_USER_SCRIPT_SANDBOXING = YES;
				GCC_C_LANGUAGE_STANDARD = gnu17;
				GCC_NO_COMMON_BLOCKS = YES;
				GCC_WARN_64_TO_32_BIT_CONVERSION = YES;
				GCC_WARN_ABOUT_RETURN_TYPE = YES_ERROR;
				GCC_WARN_UNDECLARED_SELECTOR = YES;
				GCC_WARN_UNINITIALIZED_AUTOS = YES_AGGRESSIVE;
				GCC_WARN_UNUSED_FUNCTION = YES;
				GCC_WARN_UNUSED_VARIABLE = YES;
				IPHONEOS_DEPLOYMENT_TARGET = 17.0;
				LOCALIZATION_PREFERS_STRING_CATALOGS = YES;
				MTL_ENABLE_DEBUG_INFO = NO;
				MTL_FAST_MATH = YES;
				SDKROOT = iphoneos;
				SWIFT_COMPILATION_MODE = wholemodule;
				VALIDATE_PRODUCT = YES;
			};
			name = Release;
		};
		3D9D9CD02BEAB871009E8232 /* Debug */ = {
			isa = XCBuildConfiguration;
			buildSettings = {
				ASSETCATALOG_COMPILER_APPICON_NAME = AppIcon;
				ASSETCATALOG_COMPILER_GLOBAL_ACCENT_COLOR_NAME = AccentColor;
				CODE_SIGN_STYLE = Automatic;
				CURRENT_PROJECT_VERSION = 1;
				DEVELOPMENT_ASSET_PATHS = "\"GithubSearchSwiftUI/Preview Content\"";
				DEVELOPMENT_TEAM = 68CMYQWY48;
				ENABLE_PREVIEWS = YES;
				GENERATE_INFOPLIST_FILE = YES;
				INFOPLIST_KEY_UIApplicationSceneManifest_Generation = YES;
				INFOPLIST_KEY_UIApplicationSupportsIndirectInputEvents = YES;
				INFOPLIST_KEY_UILaunchScreen_Generation = YES;
				INFOPLIST_KEY_UISupportedInterfaceOrientations_iPad = "UIInterfaceOrientationPortrait UIInterfaceOrientationPortraitUpsideDown UIInterfaceOrientationLandscapeLeft UIInterfaceOrientationLandscapeRight";
				INFOPLIST_KEY_UISupportedInterfaceOrientations_iPhone = "UIInterfaceOrientationPortrait UIInterfaceOrientationLandscapeLeft UIInterfaceOrientationLandscapeRight";
				LD_RUNPATH_SEARCH_PATHS = (
					"$(inherited)",
					"@executable_path/Frameworks",
				);
				MARKETING_VERSION = 1.0;
				PRODUCT_BUNDLE_IDENTIFIER = RBC.GithubSearchSwiftUI;
				PRODUCT_NAME = "$(TARGET_NAME)";
				SWIFT_EMIT_LOC_STRINGS = YES;
				SWIFT_VERSION = 5.0;
				TARGETED_DEVICE_FAMILY = "1,2";
			};
			name = Debug;
		};
		3D9D9CD12BEAB871009E8232 /* Release */ = {
			isa = XCBuildConfiguration;
			buildSettings = {
				ASSETCATALOG_COMPILER_APPICON_NAME = AppIcon;
				ASSETCATALOG_COMPILER_GLOBAL_ACCENT_COLOR_NAME = AccentColor;
				CODE_SIGN_STYLE = Automatic;
				CURRENT_PROJECT_VERSION = 1;
				DEVELOPMENT_ASSET_PATHS = "\"GithubSearchSwiftUI/Preview Content\"";
				DEVELOPMENT_TEAM = 68CMYQWY48;
				ENABLE_PREVIEWS = YES;
				GENERATE_INFOPLIST_FILE = YES;
				INFOPLIST_KEY_UIApplicationSceneManifest_Generation = YES;
				INFOPLIST_KEY_UIApplicationSupportsIndirectInputEvents = YES;
				INFOPLIST_KEY_UILaunchScreen_Generation = YES;
				INFOPLIST_KEY_UISupportedInterfaceOrientations_iPad = "UIInterfaceOrientationPortrait UIInterfaceOrientationPortraitUpsideDown UIInterfaceOrientationLandscapeLeft UIInterfaceOrientationLandscapeRight";
				INFOPLIST_KEY_UISupportedInterfaceOrientations_iPhone = "UIInterfaceOrientationPortrait UIInterfaceOrientationLandscapeLeft UIInterfaceOrientationLandscapeRight";
				LD_RUNPATH_SEARCH_PATHS = (
					"$(inherited)",
					"@executable_path/Frameworks",
				);
				MARKETING_VERSION = 1.0;
				PRODUCT_BUNDLE_IDENTIFIER = RBC.GithubSearchSwiftUI;
				PRODUCT_NAME = "$(TARGET_NAME)";
				SWIFT_EMIT_LOC_STRINGS = YES;
				SWIFT_VERSION = 5.0;
				TARGETED_DEVICE_FAMILY = "1,2";
			};
			name = Release;
		};
/* End XCBuildConfiguration section */

/* Begin XCConfigurationList section */
		3D9D9CBC2BEAB86F009E8232 /* Build configuration list for PBXProject "GithubSearchSwiftUI" */ = {
			isa = XCConfigurationList;
			buildConfigurations = (
				3D9D9CCD2BEAB871009E8232 /* Debug */,
				3D9D9CCE2BEAB871009E8232 /* Release */,
			);
			defaultConfigurationIsVisible = 0;
			defaultConfigurationName = Release;
		};
		3D9D9CCF2BEAB871009E8232 /* Build configuration list for PBXNativeTarget "GithubSearchSwiftUI" */ = {
			isa = XCConfigurationList;
			buildConfigurations = (
				3D9D9CD02BEAB871009E8232 /* Debug */,
				3D9D9CD12BEAB871009E8232 /* Release */,
			);
			defaultConfigurationIsVisible = 0;
			defaultConfigurationName = Release;
		};
/* End XCConfigurationList section */
	};
	rootObject = 3D9D9CB92BEAB86F009E8232 /* Project object */;
}
